// !$*UTF8*$!
{
	archiveVersion = 1;
	classes = {
	};
	objectVersion = 46;
	objects = {

/* Begin PBXBuildFile section */
		163EC6781CAE94530035AD29 /* ImageHandler.swift in Sources */ = {isa = PBXBuildFile; fileRef = 163EC6771CAE94530035AD29 /* ImageHandler.swift */; };
		163EC67A1CAE957C0035AD29 /* VideoStreamDelegate.swift in Sources */ = {isa = PBXBuildFile; fileRef = 163EC6791CAE957C0035AD29 /* VideoStreamDelegate.swift */; };
		163EC67C1CB1145B0035AD29 /* DriveStream.swift in Sources */ = {isa = PBXBuildFile; fileRef = 163EC67B1CB1145B0035AD29 /* DriveStream.swift */; };
		163EC67E1CB117D90035AD29 /* JoystickValueDelegate.swift in Sources */ = {isa = PBXBuildFile; fileRef = 163EC67D1CB117D90035AD29 /* JoystickValueDelegate.swift */; };
		1646E15F1CAD6E6800C79A63 /* VideoStream.swift in Sources */ = {isa = PBXBuildFile; fileRef = 1646E15E1CAD6E6800C79A63 /* VideoStream.swift */; };
		16BA7F601C837CA10022D135 /* SocketConn.swift in Sources */ = {isa = PBXBuildFile; fileRef = 16BA7F5F1C837CA10022D135 /* SocketConn.swift */; };
		16E784C91C721D79006BF669 /* AppDelegate.swift in Sources */ = {isa = PBXBuildFile; fileRef = 16E784C81C721D79006BF669 /* AppDelegate.swift */; };
		16E784CB1C721D79006BF669 /* ViewController.swift in Sources */ = {isa = PBXBuildFile; fileRef = 16E784CA1C721D79006BF669 /* ViewController.swift */; };
		16E784CE1C721D79006BF669 /* Main.storyboard in Resources */ = {isa = PBXBuildFile; fileRef = 16E784CC1C721D79006BF669 /* Main.storyboard */; };
		16E784D01C721D79006BF669 /* Assets.xcassets in Resources */ = {isa = PBXBuildFile; fileRef = 16E784CF1C721D79006BF669 /* Assets.xcassets */; };
		16E784D31C721D79006BF669 /* LaunchScreen.storyboard in Resources */ = {isa = PBXBuildFile; fileRef = 16E784D11C721D79006BF669 /* LaunchScreen.storyboard */; };
		16E784DE1C721D79006BF669 /* casperTests.swift in Sources */ = {isa = PBXBuildFile; fileRef = 16E784DD1C721D79006BF669 /* casperTests.swift */; };
		16E784E91C721D79006BF669 /* casperUITests.swift in Sources */ = {isa = PBXBuildFile; fileRef = 16E784E81C721D79006BF669 /* casperUITests.swift */; };
		16E8E45B1C73934600F44B05 /* RestUtil.swift in Sources */ = {isa = PBXBuildFile; fileRef = 16E8E45A1C73934600F44B05 /* RestUtil.swift */; };
		16F53EC31C78C4B200D5727B /* SocketConnection.swift in Sources */ = {isa = PBXBuildFile; fileRef = 16F53EC21C78C4B200D5727B /* SocketConnection.swift */; };
		A9077EC41C7266C6008B7AFB /* SettingsViewController.swift in Sources */ = {isa = PBXBuildFile; fileRef = A9077EC31C7266C6008B7AFB /* SettingsViewController.swift */; };
		A9077EC61C7266DF008B7AFB /* DriveViewController.swift in Sources */ = {isa = PBXBuildFile; fileRef = A9077EC51C7266DF008B7AFB /* DriveViewController.swift */; };
		A9077EC81C72670E008B7AFB /* MenuViewController.swift in Sources */ = {isa = PBXBuildFile; fileRef = A9077EC71C72670E008B7AFB /* MenuViewController.swift */; };
		A9077ECA1C7273B6008B7AFB /* AnalogJoystick.swift in Sources */ = {isa = PBXBuildFile; fileRef = A9077EC91C7273B6008B7AFB /* AnalogJoystick.swift */; };
		A9077ECC1C7279B9008B7AFB /* DriveScene.swift in Sources */ = {isa = PBXBuildFile; fileRef = A9077ECB1C7279B9008B7AFB /* DriveScene.swift */; };
		A9077ECE1C7288BF008B7AFB /* Images in Resources */ = {isa = PBXBuildFile; fileRef = A9077ECD1C7288BF008B7AFB /* Images */; };
		A9077ED11C728904008B7AFB /* apple.png in Resources */ = {isa = PBXBuildFile; fileRef = A9077ECF1C728904008B7AFB /* apple.png */; };
		A9077ED21C728904008B7AFB /* apple@2x.png in Resources */ = {isa = PBXBuildFile; fileRef = A9077ED01C728904008B7AFB /* apple@2x.png */; };
		A95F29DC1C845116004A25B5 /* pointer.png in Resources */ = {isa = PBXBuildFile; fileRef = A95F29DB1C845116004A25B5 /* pointer.png */; };
		A9CB12411C7AFDF20028CBF7 /* settings.png in Resources */ = {isa = PBXBuildFile; fileRef = A9CB12401C7AFDF20028CBF7 /* settings.png */; };
		A9E87C2C1C7F3878000F9F6D /* background.jpg in Resources */ = {isa = PBXBuildFile; fileRef = A9E87C2B1C7F3878000F9F6D /* background.jpg */; };
		A9E87C2E1C7F7E1C000F9F6D /* map-icon.png in Resources */ = {isa = PBXBuildFile; fileRef = A9E87C2D1C7F7E1C000F9F6D /* map-icon.png */; };
		AAC12754E053F487351D9B02 /* Pods_casperTests.framework in Frameworks */ = {isa = PBXBuildFile; fileRef = CF5916968D76A46AC243B8F9 /* Pods_casperTests.framework */; };
		C2E0A2903E409D3D04218C80 /* Pods_casper.framework in Frameworks */ = {isa = PBXBuildFile; fileRef = 35B62BC7CF64379F1AA08CE6 /* Pods_casper.framework */; };
		F3F531B55A95F648BC84874E /* Pods_casperUITests.framework in Frameworks */ = {isa = PBXBuildFile; fileRef = AA90C2B1EFB4320903934C3F /* Pods_casperUITests.framework */; };
/* End PBXBuildFile section */

/* Begin PBXContainerItemProxy section */
		16E784DA1C721D79006BF669 /* PBXContainerItemProxy */ = {
			isa = PBXContainerItemProxy;
			containerPortal = 16E784BD1C721D79006BF669 /* Project object */;
			proxyType = 1;
			remoteGlobalIDString = 16E784C41C721D79006BF669;
			remoteInfo = casper;
		};
		16E784E51C721D79006BF669 /* PBXContainerItemProxy */ = {
			isa = PBXContainerItemProxy;
			containerPortal = 16E784BD1C721D79006BF669 /* Project object */;
			proxyType = 1;
			remoteGlobalIDString = 16E784C41C721D79006BF669;
			remoteInfo = casper;
		};
/* End PBXContainerItemProxy section */

/* Begin PBXFileReference section */
		163EC6771CAE94530035AD29 /* ImageHandler.swift */ = {isa = PBXFileReference; fileEncoding = 4; lastKnownFileType = sourcecode.swift; path = ImageHandler.swift; sourceTree = "<group>"; };
		163EC6791CAE957C0035AD29 /* VideoStreamDelegate.swift */ = {isa = PBXFileReference; fileEncoding = 4; lastKnownFileType = sourcecode.swift; path = VideoStreamDelegate.swift; sourceTree = "<group>"; };
		163EC67B1CB1145B0035AD29 /* DriveStream.swift */ = {isa = PBXFileReference; fileEncoding = 4; lastKnownFileType = sourcecode.swift; path = DriveStream.swift; sourceTree = "<group>"; };
		163EC67D1CB117D90035AD29 /* JoystickValueDelegate.swift */ = {isa = PBXFileReference; fileEncoding = 4; lastKnownFileType = sourcecode.swift; path = JoystickValueDelegate.swift; sourceTree = "<group>"; };
		1646E15E1CAD6E6800C79A63 /* VideoStream.swift */ = {isa = PBXFileReference; fileEncoding = 4; lastKnownFileType = sourcecode.swift; path = VideoStream.swift; sourceTree = "<group>"; };
		16BA7F5F1C837CA10022D135 /* SocketConn.swift */ = {isa = PBXFileReference; fileEncoding = 4; lastKnownFileType = sourcecode.swift; path = SocketConn.swift; sourceTree = "<group>"; };
		16E784C51C721D79006BF669 /* casper.app */ = {isa = PBXFileReference; explicitFileType = wrapper.application; includeInIndex = 0; path = casper.app; sourceTree = BUILT_PRODUCTS_DIR; };
		16E784C81C721D79006BF669 /* AppDelegate.swift */ = {isa = PBXFileReference; lastKnownFileType = sourcecode.swift; path = AppDelegate.swift; sourceTree = "<group>"; };
		16E784CA1C721D79006BF669 /* ViewController.swift */ = {isa = PBXFileReference; lastKnownFileType = sourcecode.swift; path = ViewController.swift; sourceTree = "<group>"; };
		16E784CD1C721D79006BF669 /* Base */ = {isa = PBXFileReference; lastKnownFileType = file.storyboard; name = Base; path = Base.lproj/Main.storyboard; sourceTree = "<group>"; };
		16E784CF1C721D79006BF669 /* Assets.xcassets */ = {isa = PBXFileReference; lastKnownFileType = folder.assetcatalog; path = Assets.xcassets; sourceTree = "<group>"; };
		16E784D21C721D79006BF669 /* Base */ = {isa = PBXFileReference; lastKnownFileType = file.storyboard; name = Base; path = Base.lproj/LaunchScreen.storyboard; sourceTree = "<group>"; };
		16E784D41C721D79006BF669 /* Info.plist */ = {isa = PBXFileReference; lastKnownFileType = text.plist.xml; path = Info.plist; sourceTree = "<group>"; };
		16E784D91C721D79006BF669 /* casperTests.xctest */ = {isa = PBXFileReference; explicitFileType = wrapper.cfbundle; includeInIndex = 0; path = casperTests.xctest; sourceTree = BUILT_PRODUCTS_DIR; };
		16E784DD1C721D79006BF669 /* casperTests.swift */ = {isa = PBXFileReference; lastKnownFileType = sourcecode.swift; path = casperTests.swift; sourceTree = "<group>"; };
		16E784DF1C721D79006BF669 /* Info.plist */ = {isa = PBXFileReference; lastKnownFileType = text.plist.xml; path = Info.plist; sourceTree = "<group>"; };
		16E784E41C721D79006BF669 /* casperUITests.xctest */ = {isa = PBXFileReference; explicitFileType = wrapper.cfbundle; includeInIndex = 0; path = casperUITests.xctest; sourceTree = BUILT_PRODUCTS_DIR; };
		16E784E81C721D79006BF669 /* casperUITests.swift */ = {isa = PBXFileReference; lastKnownFileType = sourcecode.swift; path = casperUITests.swift; sourceTree = "<group>"; };
		16E784EA1C721D79006BF669 /* Info.plist */ = {isa = PBXFileReference; lastKnownFileType = text.plist.xml; path = Info.plist; sourceTree = "<group>"; };
		16E784F81C72527C006BF669 /* Alamofire.framework */ = {isa = PBXFileReference; lastKnownFileType = wrapper.framework; name = Alamofire.framework; path = "Pods/../build/Debug-iphoneos/Alamofire.framework"; sourceTree = "<group>"; };
		16E8E45A1C73934600F44B05 /* RestUtil.swift */ = {isa = PBXFileReference; fileEncoding = 4; lastKnownFileType = sourcecode.swift; path = RestUtil.swift; sourceTree = "<group>"; };
		16F53EC21C78C4B200D5727B /* SocketConnection.swift */ = {isa = PBXFileReference; fileEncoding = 4; lastKnownFileType = sourcecode.swift; path = SocketConnection.swift; sourceTree = "<group>"; };
		35B62BC7CF64379F1AA08CE6 /* Pods_casper.framework */ = {isa = PBXFileReference; explicitFileType = wrapper.framework; includeInIndex = 0; path = Pods_casper.framework; sourceTree = BUILT_PRODUCTS_DIR; };
		4ED1A743AD288CC3BD1677AC /* Pods-casper.debug.xcconfig */ = {isa = PBXFileReference; includeInIndex = 1; lastKnownFileType = text.xcconfig; name = "Pods-casper.debug.xcconfig"; path = "Pods/Target Support Files/Pods-casper/Pods-casper.debug.xcconfig"; sourceTree = "<group>"; };
		7C251EA1DA1BD9C5C841F8B9 /* Pods-casperTests.debug.xcconfig */ = {isa = PBXFileReference; includeInIndex = 1; lastKnownFileType = text.xcconfig; name = "Pods-casperTests.debug.xcconfig"; path = "Pods/Target Support Files/Pods-casperTests/Pods-casperTests.debug.xcconfig"; sourceTree = "<group>"; };
		A4666E63D631920CBA0CB45C /* Pods-casperTests.release.xcconfig */ = {isa = PBXFileReference; includeInIndex = 1; lastKnownFileType = text.xcconfig; name = "Pods-casperTests.release.xcconfig"; path = "Pods/Target Support Files/Pods-casperTests/Pods-casperTests.release.xcconfig"; sourceTree = "<group>"; };
		A9077EC31C7266C6008B7AFB /* SettingsViewController.swift */ = {isa = PBXFileReference; fileEncoding = 4; lastKnownFileType = sourcecode.swift; path = SettingsViewController.swift; sourceTree = "<group>"; };
		A9077EC51C7266DF008B7AFB /* DriveViewController.swift */ = {isa = PBXFileReference; fileEncoding = 4; lastKnownFileType = sourcecode.swift; path = DriveViewController.swift; sourceTree = "<group>"; };
		A9077EC71C72670E008B7AFB /* MenuViewController.swift */ = {isa = PBXFileReference; fileEncoding = 4; lastKnownFileType = sourcecode.swift; path = MenuViewController.swift; sourceTree = "<group>"; };
		A9077EC91C7273B6008B7AFB /* AnalogJoystick.swift */ = {isa = PBXFileReference; fileEncoding = 4; lastKnownFileType = sourcecode.swift; path = AnalogJoystick.swift; sourceTree = "<group>"; };
		A9077ECB1C7279B9008B7AFB /* DriveScene.swift */ = {isa = PBXFileReference; fileEncoding = 4; lastKnownFileType = sourcecode.swift; path = DriveScene.swift; sourceTree = "<group>"; };
		A9077ECD1C7288BF008B7AFB /* Images */ = {isa = PBXFileReference; lastKnownFileType = folder; path = Images; sourceTree = "<group>"; };
		A9077ECF1C728904008B7AFB /* apple.png */ = {isa = PBXFileReference; lastKnownFileType = image.png; name = apple.png; path = Images/apple.png; sourceTree = "<group>"; };
		A9077ED01C728904008B7AFB /* apple@2x.png */ = {isa = PBXFileReference; lastKnownFileType = image.png; name = "apple@2x.png"; path = "Images/apple@2x.png"; sourceTree = "<group>"; };
		A95F29DB1C845116004A25B5 /* pointer.png */ = {isa = PBXFileReference; lastKnownFileType = image.png; path = pointer.png; sourceTree = "<group>"; };
		A9CB12401C7AFDF20028CBF7 /* settings.png */ = {isa = PBXFileReference; lastKnownFileType = image.png; path = settings.png; sourceTree = "<group>"; };
		A9E87C2B1C7F3878000F9F6D /* background.jpg */ = {isa = PBXFileReference; lastKnownFileType = image.jpeg; path = background.jpg; sourceTree = "<group>"; };
		A9E87C2D1C7F7E1C000F9F6D /* map-icon.png */ = {isa = PBXFileReference; lastKnownFileType = image.png; path = "map-icon.png"; sourceTree = "<group>"; };
		AA90C2B1EFB4320903934C3F /* Pods_casperUITests.framework */ = {isa = PBXFileReference; explicitFileType = wrapper.framework; includeInIndex = 0; path = Pods_casperUITests.framework; sourceTree = BUILT_PRODUCTS_DIR; };
		AECA061777D2EB2041304CCA /* Pods-casperUITests.debug.xcconfig */ = {isa = PBXFileReference; includeInIndex = 1; lastKnownFileType = text.xcconfig; name = "Pods-casperUITests.debug.xcconfig"; path = "Pods/Target Support Files/Pods-casperUITests/Pods-casperUITests.debug.xcconfig"; sourceTree = "<group>"; };
		C0DBD11ACB923D408FD81946 /* Pods-casper.release.xcconfig */ = {isa = PBXFileReference; includeInIndex = 1; lastKnownFileType = text.xcconfig; name = "Pods-casper.release.xcconfig"; path = "Pods/Target Support Files/Pods-casper/Pods-casper.release.xcconfig"; sourceTree = "<group>"; };
		CF5916968D76A46AC243B8F9 /* Pods_casperTests.framework */ = {isa = PBXFileReference; explicitFileType = wrapper.framework; includeInIndex = 0; path = Pods_casperTests.framework; sourceTree = BUILT_PRODUCTS_DIR; };
		D0CC651624D08F95AE8A70CE /* Pods-casperUITests.release.xcconfig */ = {isa = PBXFileReference; includeInIndex = 1; lastKnownFileType = text.xcconfig; name = "Pods-casperUITests.release.xcconfig"; path = "Pods/Target Support Files/Pods-casperUITests/Pods-casperUITests.release.xcconfig"; sourceTree = "<group>"; };
/* End PBXFileReference section */

/* Begin PBXFrameworksBuildPhase section */
		16E784C21C721D79006BF669 /* Frameworks */ = {
			isa = PBXFrameworksBuildPhase;
			buildActionMask = 2147483647;
			files = (
				C2E0A2903E409D3D04218C80 /* Pods_casper.framework in Frameworks */,
			);
			runOnlyForDeploymentPostprocessing = 0;
		};
		16E784D61C721D79006BF669 /* Frameworks */ = {
			isa = PBXFrameworksBuildPhase;
			buildActionMask = 2147483647;
			files = (
				AAC12754E053F487351D9B02 /* Pods_casperTests.framework in Frameworks */,
			);
			runOnlyForDeploymentPostprocessing = 0;
		};
		16E784E11C721D79006BF669 /* Frameworks */ = {
			isa = PBXFrameworksBuildPhase;
			buildActionMask = 2147483647;
			files = (
				F3F531B55A95F648BC84874E /* Pods_casperUITests.framework in Frameworks */,
			);
			runOnlyForDeploymentPostprocessing = 0;
		};
/* End PBXFrameworksBuildPhase section */

/* Begin PBXGroup section */
		16E784BC1C721D79006BF669 = {
			isa = PBXGroup;
			children = (
				16E784C71C721D79006BF669 /* casper */,
				16E784DC1C721D79006BF669 /* casperTests */,
				16E784E71C721D79006BF669 /* casperUITests */,
				16E784C61C721D79006BF669 /* Products */,
				B4EEEFF4B9F9A52C3E904340 /* Pods */,
				645BAB7B87F6C2586F8AD17A /* Frameworks */,
			);
			sourceTree = "<group>";
		};
		16E784C61C721D79006BF669 /* Products */ = {
			isa = PBXGroup;
			children = (
				16E784C51C721D79006BF669 /* casper.app */,
				16E784D91C721D79006BF669 /* casperTests.xctest */,
				16E784E41C721D79006BF669 /* casperUITests.xctest */,
			);
			name = Products;
			sourceTree = "<group>";
		};
		16E784C71C721D79006BF669 /* casper */ = {
			isa = PBXGroup;
			children = (
				A9CB12401C7AFDF20028CBF7 /* settings.png */,
				A9E87C2D1C7F7E1C000F9F6D /* map-icon.png */,
				A95F29DB1C845116004A25B5 /* pointer.png */,
				A9E87C2B1C7F3878000F9F6D /* background.jpg */,
				A9077ECF1C728904008B7AFB /* apple.png */,
				A9077ED01C728904008B7AFB /* apple@2x.png */,
				A9077ECD1C7288BF008B7AFB /* Images */,
				A9077ECB1C7279B9008B7AFB /* DriveScene.swift */,
				A9077EC91C7273B6008B7AFB /* AnalogJoystick.swift */,
				16E784C81C721D79006BF669 /* AppDelegate.swift */,
				16E784CA1C721D79006BF669 /* ViewController.swift */,
				A9077EC51C7266DF008B7AFB /* DriveViewController.swift */,
				16BA7F5F1C837CA10022D135 /* SocketConn.swift */,
				163EC6771CAE94530035AD29 /* ImageHandler.swift */,
				163EC6791CAE957C0035AD29 /* VideoStreamDelegate.swift */,
				1646E15E1CAD6E6800C79A63 /* VideoStream.swift */,
				A9077EC31C7266C6008B7AFB /* SettingsViewController.swift */,
				163EC67D1CB117D90035AD29 /* JoystickValueDelegate.swift */,
				163EC67B1CB1145B0035AD29 /* DriveStream.swift */,
				16F53EC21C78C4B200D5727B /* SocketConnection.swift */,
				A9077EC71C72670E008B7AFB /* MenuViewController.swift */,
				16E784CC1C721D79006BF669 /* Main.storyboard */,
				16E784CF1C721D79006BF669 /* Assets.xcassets */,
				16E784D11C721D79006BF669 /* LaunchScreen.storyboard */,
				16E784D41C721D79006BF669 /* Info.plist */,
				16E8E45A1C73934600F44B05 /* RestUtil.swift */,
			);
			path = casper;
			sourceTree = "<group>";
		};
		16E784DC1C721D79006BF669 /* casperTests */ = {
			isa = PBXGroup;
			children = (
				16E784DD1C721D79006BF669 /* casperTests.swift */,
				16E784DF1C721D79006BF669 /* Info.plist */,
			);
			path = casperTests;
			sourceTree = "<group>";
		};
		16E784E71C721D79006BF669 /* casperUITests */ = {
			isa = PBXGroup;
			children = (
				16E784E81C721D79006BF669 /* casperUITests.swift */,
				16E784EA1C721D79006BF669 /* Info.plist */,
			);
			path = casperUITests;
			sourceTree = "<group>";
		};
		645BAB7B87F6C2586F8AD17A /* Frameworks */ = {
			isa = PBXGroup;
			children = (
				16E784F81C72527C006BF669 /* Alamofire.framework */,
				35B62BC7CF64379F1AA08CE6 /* Pods_casper.framework */,
				CF5916968D76A46AC243B8F9 /* Pods_casperTests.framework */,
				AA90C2B1EFB4320903934C3F /* Pods_casperUITests.framework */,
			);
			name = Frameworks;
			sourceTree = "<group>";
		};
		B4EEEFF4B9F9A52C3E904340 /* Pods */ = {
			isa = PBXGroup;
			children = (
				4ED1A743AD288CC3BD1677AC /* Pods-casper.debug.xcconfig */,
				C0DBD11ACB923D408FD81946 /* Pods-casper.release.xcconfig */,
				7C251EA1DA1BD9C5C841F8B9 /* Pods-casperTests.debug.xcconfig */,
				A4666E63D631920CBA0CB45C /* Pods-casperTests.release.xcconfig */,
				AECA061777D2EB2041304CCA /* Pods-casperUITests.debug.xcconfig */,
				D0CC651624D08F95AE8A70CE /* Pods-casperUITests.release.xcconfig */,
			);
			name = Pods;
			sourceTree = "<group>";
		};
/* End PBXGroup section */

/* Begin PBXNativeTarget section */
		16E784C41C721D79006BF669 /* casper */ = {
			isa = PBXNativeTarget;
			buildConfigurationList = 16E784ED1C721D79006BF669 /* Build configuration list for PBXNativeTarget "casper" */;
			buildPhases = (
				B53901AB3A32A464A400CF6F /* Check Pods Manifest.lock */,
				16E784C11C721D79006BF669 /* Sources */,
				16E784C21C721D79006BF669 /* Frameworks */,
				16E784C31C721D79006BF669 /* Resources */,
				46ED5A3068B72301C254A12B /* Embed Pods Frameworks */,
				A99DAE5574F2561FD4E28AB6 /* Copy Pods Resources */,
			);
			buildRules = (
			);
			dependencies = (
			);
			name = casper;
			productName = casper;
			productReference = 16E784C51C721D79006BF669 /* casper.app */;
			productType = "com.apple.product-type.application";
		};
		16E784D81C721D79006BF669 /* casperTests */ = {
			isa = PBXNativeTarget;
			buildConfigurationList = 16E784F01C721D79006BF669 /* Build configuration list for PBXNativeTarget "casperTests" */;
			buildPhases = (
				56FBFB82B1B878AFF81D6292 /* Check Pods Manifest.lock */,
				16E784D51C721D79006BF669 /* Sources */,
				16E784D61C721D79006BF669 /* Frameworks */,
				16E784D71C721D79006BF669 /* Resources */,
				F8764AB2611E5515C621E044 /* Embed Pods Frameworks */,
				2395794D563CBA44E7DB3B15 /* Copy Pods Resources */,
			);
			buildRules = (
			);
			dependencies = (
				16E784DB1C721D79006BF669 /* PBXTargetDependency */,
			);
			name = casperTests;
			productName = casperTests;
			productReference = 16E784D91C721D79006BF669 /* casperTests.xctest */;
			productType = "com.apple.product-type.bundle.unit-test";
		};
		16E784E31C721D79006BF669 /* casperUITests */ = {
			isa = PBXNativeTarget;
			buildConfigurationList = 16E784F31C721D79006BF669 /* Build configuration list for PBXNativeTarget "casperUITests" */;
			buildPhases = (
				B1A11A7A4334B3ADFEB9E1E7 /* Check Pods Manifest.lock */,
				16E784E01C721D79006BF669 /* Sources */,
				16E784E11C721D79006BF669 /* Frameworks */,
				16E784E21C721D79006BF669 /* Resources */,
				4CF88A7F2044BE4B25F0F351 /* Copy Pods Resources */,
			);
			buildRules = (
			);
			dependencies = (
				16E784E61C721D79006BF669 /* PBXTargetDependency */,
			);
			name = casperUITests;
			productName = casperUITests;
			productReference = 16E784E41C721D79006BF669 /* casperUITests.xctest */;
			productType = "com.apple.product-type.bundle.ui-testing";
		};
/* End PBXNativeTarget section */

/* Begin PBXProject section */
		16E784BD1C721D79006BF669 /* Project object */ = {
			isa = PBXProject;
			attributes = {
				LastSwiftUpdateCheck = 0720;
				LastUpgradeCheck = 0720;
				ORGANIZATIONNAME = "Pontus Pohl";
				TargetAttributes = {
					16E784C41C721D79006BF669 = {
						CreatedOnToolsVersion = 7.2.1;
						DevelopmentTeam = TC3JJMVCQE;
					};
					16E784D81C721D79006BF669 = {
						CreatedOnToolsVersion = 7.2.1;
						TestTargetID = 16E784C41C721D79006BF669;
					};
					16E784E31C721D79006BF669 = {
						CreatedOnToolsVersion = 7.2.1;
						TestTargetID = 16E784C41C721D79006BF669;
					};
				};
			};
			buildConfigurationList = 16E784C01C721D79006BF669 /* Build configuration list for PBXProject "casper" */;
			compatibilityVersion = "Xcode 3.2";
			developmentRegion = English;
			hasScannedForEncodings = 0;
			knownRegions = (
				en,
				Base,
			);
			mainGroup = 16E784BC1C721D79006BF669;
			productRefGroup = 16E784C61C721D79006BF669 /* Products */;
			projectDirPath = "";
			projectRoot = "";
			targets = (
				16E784C41C721D79006BF669 /* casper */,
				16E784D81C721D79006BF669 /* casperTests */,
				16E784E31C721D79006BF669 /* casperUITests */,
			);
		};
/* End PBXProject section */

/* Begin PBXResourcesBuildPhase section */
		16E784C31C721D79006BF669 /* Resources */ = {
			isa = PBXResourcesBuildPhase;
			buildActionMask = 2147483647;
			files = (
				A9077ECE1C7288BF008B7AFB /* Images in Resources */,
				A9E87C2E1C7F7E1C000F9F6D /* map-icon.png in Resources */,
				A9CB12411C7AFDF20028CBF7 /* settings.png in Resources */,
				16E784D31C721D79006BF669 /* LaunchScreen.storyboard in Resources */,
				16E784D01C721D79006BF669 /* Assets.xcassets in Resources */,
				A9077ED21C728904008B7AFB /* apple@2x.png in Resources */,
				A9E87C2C1C7F3878000F9F6D /* background.jpg in Resources */,
				16E784CE1C721D79006BF669 /* Main.storyboard in Resources */,
				A9077ED11C728904008B7AFB /* apple.png in Resources */,
				A95F29DC1C845116004A25B5 /* pointer.png in Resources */,
			);
			runOnlyForDeploymentPostprocessing = 0;
		};
		16E784D71C721D79006BF669 /* Resources */ = {
			isa = PBXResourcesBuildPhase;
			buildActionMask = 2147483647;
			files = (
			);
			runOnlyForDeploymentPostprocessing = 0;
		};
		16E784E21C721D79006BF669 /* Resources */ = {
			isa = PBXResourcesBuildPhase;
			buildActionMask = 2147483647;
			files = (
			);
			runOnlyForDeploymentPostprocessing = 0;
		};
/* End PBXResourcesBuildPhase section */

/* Begin PBXShellScriptBuildPhase section */
		2395794D563CBA44E7DB3B15 /* Copy Pods Resources */ = {
			isa = PBXShellScriptBuildPhase;
			buildActionMask = 2147483647;
			files = (
			);
			inputPaths = (
			);
			name = "Copy Pods Resources";
			outputPaths = (
			);
			runOnlyForDeploymentPostprocessing = 0;
			shellPath = /bin/sh;
			shellScript = "\"${SRCROOT}/Pods/Target Support Files/Pods-casperTests/Pods-casperTests-resources.sh\"\n";
			showEnvVarsInLog = 0;
		};
		46ED5A3068B72301C254A12B /* Embed Pods Frameworks */ = {
			isa = PBXShellScriptBuildPhase;
			buildActionMask = 2147483647;
			files = (
			);
			inputPaths = (
			);
			name = "Embed Pods Frameworks";
			outputPaths = (
			);
			runOnlyForDeploymentPostprocessing = 0;
			shellPath = /bin/sh;
			shellScript = "\"${SRCROOT}/Pods/Target Support Files/Pods-casper/Pods-casper-frameworks.sh\"\n";
			showEnvVarsInLog = 0;
		};
		4CF88A7F2044BE4B25F0F351 /* Copy Pods Resources */ = {
			isa = PBXShellScriptBuildPhase;
			buildActionMask = 2147483647;
			files = (
			);
			inputPaths = (
			);
			name = "Copy Pods Resources";
			outputPaths = (
			);
			runOnlyForDeploymentPostprocessing = 0;
			shellPath = /bin/sh;
			shellScript = "\"${SRCROOT}/Pods/Target Support Files/Pods-casperUITests/Pods-casperUITests-resources.sh\"\n";
			showEnvVarsInLog = 0;
		};
		56FBFB82B1B878AFF81D6292 /* Check Pods Manifest.lock */ = {
			isa = PBXShellScriptBuildPhase;
			buildActionMask = 2147483647;
			files = (
			);
			inputPaths = (
			);
			name = "Check Pods Manifest.lock";
			outputPaths = (
			);
			runOnlyForDeploymentPostprocessing = 0;
			shellPath = /bin/sh;
			shellScript = "diff \"${PODS_ROOT}/../Podfile.lock\" \"${PODS_ROOT}/Manifest.lock\" > /dev/null\nif [[ $? != 0 ]] ; then\n    cat << EOM\nerror: The sandbox is not in sync with the Podfile.lock. Run 'pod install' or update your CocoaPods installation.\nEOM\n    exit 1\nfi\n";
			showEnvVarsInLog = 0;
		};
		A99DAE5574F2561FD4E28AB6 /* Copy Pods Resources */ = {
			isa = PBXShellScriptBuildPhase;
			buildActionMask = 2147483647;
			files = (
			);
			inputPaths = (
			);
			name = "Copy Pods Resources";
			outputPaths = (
			);
			runOnlyForDeploymentPostprocessing = 0;
			shellPath = /bin/sh;
			shellScript = "\"${SRCROOT}/Pods/Target Support Files/Pods-casper/Pods-casper-resources.sh\"\n";
			showEnvVarsInLog = 0;
		};
		B1A11A7A4334B3ADFEB9E1E7 /* Check Pods Manifest.lock */ = {
			isa = PBXShellScriptBuildPhase;
			buildActionMask = 2147483647;
			files = (
			);
			inputPaths = (
			);
			name = "Check Pods Manifest.lock";
			outputPaths = (
			);
			runOnlyForDeploymentPostprocessing = 0;
			shellPath = /bin/sh;
			shellScript = "diff \"${PODS_ROOT}/../Podfile.lock\" \"${PODS_ROOT}/Manifest.lock\" > /dev/null\nif [[ $? != 0 ]] ; then\n    cat << EOM\nerror: The sandbox is not in sync with the Podfile.lock. Run 'pod install' or update your CocoaPods installation.\nEOM\n    exit 1\nfi\n";
			showEnvVarsInLog = 0;
		};
		B53901AB3A32A464A400CF6F /* Check Pods Manifest.lock */ = {
			isa = PBXShellScriptBuildPhase;
			buildActionMask = 2147483647;
			files = (
			);
			inputPaths = (
			);
			name = "Check Pods Manifest.lock";
			outputPaths = (
			);
			runOnlyForDeploymentPostprocessing = 0;
			shellPath = /bin/sh;
			shellScript = "diff \"${PODS_ROOT}/../Podfile.lock\" \"${PODS_ROOT}/Manifest.lock\" > /dev/null\nif [[ $? != 0 ]] ; then\n    cat << EOM\nerror: The sandbox is not in sync with the Podfile.lock. Run 'pod install' or update your CocoaPods installation.\nEOM\n    exit 1\nfi\n";
			showEnvVarsInLog = 0;
		};
		F8764AB2611E5515C621E044 /* Embed Pods Frameworks */ = {
			isa = PBXShellScriptBuildPhase;
			buildActionMask = 2147483647;
			files = (
			);
			inputPaths = (
			);
			name = "Embed Pods Frameworks";
			outputPaths = (
			);
			runOnlyForDeploymentPostprocessing = 0;
			shellPath = /bin/sh;
			shellScript = "\"${SRCROOT}/Pods/Target Support Files/Pods-casperTests/Pods-casperTests-frameworks.sh\"\n";
			showEnvVarsInLog = 0;
		};
/* End PBXShellScriptBuildPhase section */

/* Begin PBXSourcesBuildPhase section */
		16E784C11C721D79006BF669 /* Sources */ = {
			isa = PBXSourcesBuildPhase;
			buildActionMask = 2147483647;
			files = (
				A9077EC41C7266C6008B7AFB /* SettingsViewController.swift in Sources */,
				16F53EC31C78C4B200D5727B /* SocketConnection.swift in Sources */,
				A9077ECA1C7273B6008B7AFB /* AnalogJoystick.swift in Sources */,
				A9077EC81C72670E008B7AFB /* MenuViewController.swift in Sources */,
				A9077EC61C7266DF008B7AFB /* DriveViewController.swift in Sources */,
				163EC67A1CAE957C0035AD29 /* VideoStreamDelegate.swift in Sources */,
				1646E15F1CAD6E6800C79A63 /* VideoStream.swift in Sources */,
				16E784CB1C721D79006BF669 /* ViewController.swift in Sources */,
				16E8E45B1C73934600F44B05 /* RestUtil.swift in Sources */,
				163EC67E1CB117D90035AD29 /* JoystickValueDelegate.swift in Sources */,
				A9077ECC1C7279B9008B7AFB /* DriveScene.swift in Sources */,
				163EC67C1CB1145B0035AD29 /* DriveStream.swift in Sources */,
				16BA7F601C837CA10022D135 /* SocketConn.swift in Sources */,
				163EC6781CAE94530035AD29 /* ImageHandler.swift in Sources */,
				16E784C91C721D79006BF669 /* AppDelegate.swift in Sources */,
			);
			runOnlyForDeploymentPostprocessing = 0;
		};
		16E784D51C721D79006BF669 /* Sources */ = {
			isa = PBXSourcesBuildPhase;
			buildActionMask = 2147483647;
			files = (
				16E784DE1C721D79006BF669 /* casperTests.swift in Sources */,
			);
			runOnlyForDeploymentPostprocessing = 0;
		};
		16E784E01C721D79006BF669 /* Sources */ = {
			isa = PBXSourcesBuildPhase;
			buildActionMask = 2147483647;
			files = (
				16E784E91C721D79006BF669 /* casperUITests.swift in Sources */,
			);
			runOnlyForDeploymentPostprocessing = 0;
		};
/* End PBXSourcesBuildPhase section */

/* Begin PBXTargetDependency section */
		16E784DB1C721D79006BF669 /* PBXTargetDependency */ = {
			isa = PBXTargetDependency;
			target = 16E784C41C721D79006BF669 /* casper */;
			targetProxy = 16E784DA1C721D79006BF669 /* PBXContainerItemProxy */;
		};
		16E784E61C721D79006BF669 /* PBXTargetDependency */ = {
			isa = PBXTargetDependency;
			target = 16E784C41C721D79006BF669 /* casper */;
			targetProxy = 16E784E51C721D79006BF669 /* PBXContainerItemProxy */;
		};
/* End PBXTargetDependency section */

/* Begin PBXVariantGroup section */
		16E784CC1C721D79006BF669 /* Main.storyboard */ = {
			isa = PBXVariantGroup;
			children = (
				16E784CD1C721D79006BF669 /* Base */,
			);
			name = Main.storyboard;
			sourceTree = "<group>";
		};
		16E784D11C721D79006BF669 /* LaunchScreen.storyboard */ = {
			isa = PBXVariantGroup;
			children = (
				16E784D21C721D79006BF669 /* Base */,
			);
			name = LaunchScreen.storyboard;
			sourceTree = "<group>";
		};
/* End PBXVariantGroup section */

/* Begin XCBuildConfiguration section */
		16E784EB1C721D79006BF669 /* Debug */ = {
			isa = XCBuildConfiguration;
			buildSettings = {
				ALWAYS_SEARCH_USER_PATHS = NO;
				CLANG_CXX_LANGUAGE_STANDARD = "gnu++0x";
				CLANG_CXX_LIBRARY = "libc++";
				CLANG_ENABLE_MODULES = YES;
				CLANG_ENABLE_OBJC_ARC = YES;
				CLANG_WARN_BOOL_CONVERSION = YES;
				CLANG_WARN_CONSTANT_CONVERSION = YES;
				CLANG_WARN_DIRECT_OBJC_ISA_USAGE = YES_ERROR;
				CLANG_WARN_EMPTY_BODY = YES;
				CLANG_WARN_ENUM_CONVERSION = YES;
				CLANG_WARN_INT_CONVERSION = YES;
				CLANG_WARN_OBJC_ROOT_CLASS = YES_ERROR;
				CLANG_WARN_UNREACHABLE_CODE = YES;
				CLANG_WARN__DUPLICATE_METHOD_MATCH = YES;
				"CODE_SIGN_IDENTITY[sdk=iphoneos*]" = "iPhone Developer";
				COPY_PHASE_STRIP = NO;
				DEBUG_INFORMATION_FORMAT = dwarf;
				ENABLE_STRICT_OBJC_MSGSEND = YES;
				ENABLE_TESTABILITY = YES;
				GCC_C_LANGUAGE_STANDARD = gnu99;
				GCC_DYNAMIC_NO_PIC = NO;
				GCC_NO_COMMON_BLOCKS = YES;
				GCC_OPTIMIZATION_LEVEL = 0;
				GCC_PREPROCESSOR_DEFINITIONS = (
					"DEBUG=1",
					"$(inherited)",
				);
				GCC_WARN_64_TO_32_BIT_CONVERSION = YES;
				GCC_WARN_ABOUT_RETURN_TYPE = YES_ERROR;
				GCC_WARN_UNDECLARED_SELECTOR = YES;
				GCC_WARN_UNINITIALIZED_AUTOS = YES_AGGRESSIVE;
				GCC_WARN_UNUSED_FUNCTION = YES;
				GCC_WARN_UNUSED_VARIABLE = YES;
				IPHONEOS_DEPLOYMENT_TARGET = 9.2;
				MTL_ENABLE_DEBUG_INFO = YES;
				ONLY_ACTIVE_ARCH = YES;
				SDKROOT = iphoneos;
				SWIFT_OPTIMIZATION_LEVEL = "-Onone";
			};
			name = Debug;
		};
		16E784EC1C721D79006BF669 /* Release */ = {
			isa = XCBuildConfiguration;
			buildSettings = {
				ALWAYS_SEARCH_USER_PATHS = NO;
				CLANG_CXX_LANGUAGE_STANDARD = "gnu++0x";
				CLANG_CXX_LIBRARY = "libc++";
				CLANG_ENABLE_MODULES = YES;
				CLANG_ENABLE_OBJC_ARC = YES;
				CLANG_WARN_BOOL_CONVERSION = YES;
				CLANG_WARN_CONSTANT_CONVERSION = YES;
				CLANG_WARN_DIRECT_OBJC_ISA_USAGE = YES_ERROR;
				CLANG_WARN_EMPTY_BODY = YES;
				CLANG_WARN_ENUM_CONVERSION = YES;
				CLANG_WARN_INT_CONVERSION = YES;
				CLANG_WARN_OBJC_ROOT_CLASS = YES_ERROR;
				CLANG_WARN_UNREACHABLE_CODE = YES;
				CLANG_WARN__DUPLICATE_METHOD_MATCH = YES;
				"CODE_SIGN_IDENTITY[sdk=iphoneos*]" = "iPhone Developer";
				COPY_PHASE_STRIP = NO;
				DEBUG_INFORMATION_FORMAT = "dwarf-with-dsym";
				ENABLE_NS_ASSERTIONS = NO;
				ENABLE_STRICT_OBJC_MSGSEND = YES;
				GCC_C_LANGUAGE_STANDARD = gnu99;
				GCC_NO_COMMON_BLOCKS = YES;
				GCC_WARN_64_TO_32_BIT_CONVERSION = YES;
				GCC_WARN_ABOUT_RETURN_TYPE = YES_ERROR;
				GCC_WARN_UNDECLARED_SELECTOR = YES;
				GCC_WARN_UNINITIALIZED_AUTOS = YES_AGGRESSIVE;
				GCC_WARN_UNUSED_FUNCTION = YES;
				GCC_WARN_UNUSED_VARIABLE = YES;
				IPHONEOS_DEPLOYMENT_TARGET = 9.2;
				MTL_ENABLE_DEBUG_INFO = NO;
				SDKROOT = iphoneos;
				VALIDATE_PRODUCT = YES;
			};
			name = Release;
		};
		16E784EE1C721D79006BF669 /* Debug */ = {
			isa = XCBuildConfiguration;
			baseConfigurationReference = 4ED1A743AD288CC3BD1677AC /* Pods-casper.debug.xcconfig */;
			buildSettings = {
				ASSETCATALOG_COMPILER_APPICON_NAME = AppIcon;
				CODE_SIGN_IDENTITY = "iPhone Developer";
				"CODE_SIGN_IDENTITY[sdk=iphoneos*]" = "iPhone Developer";
				FRAMEWORK_SEARCH_PATHS = (
					"$(inherited)",
					"$(PROJECT_DIR)/build/Debug-iphoneos",
				);
				INFOPLIST_FILE = casper/Info.plist;
				LD_RUNPATH_SEARCH_PATHS = "$(inherited) @executable_path/Frameworks";
				PRODUCT_BUNDLE_IDENTIFIER = com.group1.casper;
				PRODUCT_NAME = "$(TARGET_NAME)";
				PROVISIONING_PROFILE = "";
			};
			name = Debug;
		};
		16E784EF1C721D79006BF669 /* Release */ = {
			isa = XCBuildConfiguration;
			baseConfigurationReference = C0DBD11ACB923D408FD81946 /* Pods-casper.release.xcconfig */;
			buildSettings = {
				ASSETCATALOG_COMPILER_APPICON_NAME = AppIcon;
				CODE_SIGN_IDENTITY = "iPhone Developer";
				"CODE_SIGN_IDENTITY[sdk=iphoneos*]" = "iPhone Developer";
				FRAMEWORK_SEARCH_PATHS = (
					"$(inherited)",
					"$(PROJECT_DIR)/build/Debug-iphoneos",
				);
				INFOPLIST_FILE = casper/Info.plist;
				LD_RUNPATH_SEARCH_PATHS = "$(inherited) @executable_path/Frameworks";
				PRODUCT_BUNDLE_IDENTIFIER = com.group1.casper;
				PRODUCT_NAME = "$(TARGET_NAME)";
				PROVISIONING_PROFILE = "";
			};
			name = Release;
		};
		16E784F11C721D79006BF669 /* Debug */ = {
			isa = XCBuildConfiguration;
			baseConfigurationReference = 7C251EA1DA1BD9C5C841F8B9 /* Pods-casperTests.debug.xcconfig */;
			buildSettings = {
				BUNDLE_LOADER = "$(TEST_HOST)";
				INFOPLIST_FILE = casperTests/Info.plist;
				LD_RUNPATH_SEARCH_PATHS = "$(inherited) @executable_path/Frameworks @loader_path/Frameworks";
				PRODUCT_BUNDLE_IDENTIFIER = com.group1.casperTests;
				PRODUCT_NAME = "$(TARGET_NAME)";
				TEST_HOST = "$(BUILT_PRODUCTS_DIR)/casper.app/casper";
			};
			name = Debug;
		};
		16E784F21C721D79006BF669 /* Release */ = {
			isa = XCBuildConfiguration;
			baseConfigurationReference = A4666E63D631920CBA0CB45C /* Pods-casperTests.release.xcconfig */;
			buildSettings = {
				BUNDLE_LOADER = "$(TEST_HOST)";
				INFOPLIST_FILE = casperTests/Info.plist;
				LD_RUNPATH_SEARCH_PATHS = "$(inherited) @executable_path/Frameworks @loader_path/Frameworks";
				PRODUCT_BUNDLE_IDENTIFIER = com.group1.casperTests;
				PRODUCT_NAME = "$(TARGET_NAME)";
				TEST_HOST = "$(BUILT_PRODUCTS_DIR)/casper.app/casper";
			};
			name = Release;
		};
		16E784F41C721D79006BF669 /* Debug */ = {
			isa = XCBuildConfiguration;
			baseConfigurationReference = AECA061777D2EB2041304CCA /* Pods-casperUITests.debug.xcconfig */;
			buildSettings = {
				INFOPLIST_FILE = casperUITests/Info.plist;
				LD_RUNPATH_SEARCH_PATHS = "$(inherited) @executable_path/Frameworks @loader_path/Frameworks";
				PRODUCT_BUNDLE_IDENTIFIER = com.group1.casperUITests;
				PRODUCT_NAME = "$(TARGET_NAME)";
				TEST_TARGET_NAME = casper;
				USES_XCTRUNNER = YES;
			};
			name = Debug;
		};
		16E784F51C721D79006BF669 /* Release */ = {
			isa = XCBuildConfiguration;
			baseConfigurationReference = D0CC651624D08F95AE8A70CE /* Pods-casperUITests.release.xcconfig */;
			buildSettings = {
				INFOPLIST_FILE = casperUITests/Info.plist;
				LD_RUNPATH_SEARCH_PATHS = "$(inherited) @executable_path/Frameworks @loader_path/Frameworks";
				PRODUCT_BUNDLE_IDENTIFIER = com.group1.casperUITests;
				PRODUCT_NAME = "$(TARGET_NAME)";
				TEST_TARGET_NAME = casper;
				USES_XCTRUNNER = YES;
			};
			name = Release;
		};
/* End XCBuildConfiguration section */

/* Begin XCConfigurationList section */
		16E784C01C721D79006BF669 /* Build configuration list for PBXProject "casper" */ = {
			isa = XCConfigurationList;
			buildConfigurations = (
				16E784EB1C721D79006BF669 /* Debug */,
				16E784EC1C721D79006BF669 /* Release */,
			);
			defaultConfigurationIsVisible = 0;
			defaultConfigurationName = Release;
		};
		16E784ED1C721D79006BF669 /* Build configuration list for PBXNativeTarget "casper" */ = {
			isa = XCConfigurationList;
			buildConfigurations = (
				16E784EE1C721D79006BF669 /* Debug */,
				16E784EF1C721D79006BF669 /* Release */,
			);
			defaultConfigurationIsVisible = 0;
			defaultConfigurationName = Release;
		};
		16E784F01C721D79006BF669 /* Build configuration list for PBXNativeTarget "casperTests" */ = {
			isa = XCConfigurationList;
			buildConfigurations = (
				16E784F11C721D79006BF669 /* Debug */,
				16E784F21C721D79006BF669 /* Release */,
			);
			defaultConfigurationIsVisible = 0;
			defaultConfigurationName = Release;
		};
		16E784F31C721D79006BF669 /* Build configuration list for PBXNativeTarget "casperUITests" */ = {
			isa = XCConfigurationList;
			buildConfigurations = (
				16E784F41C721D79006BF669 /* Debug */,
				16E784F51C721D79006BF669 /* Release */,
			);
			defaultConfigurationIsVisible = 0;
			defaultConfigurationName = Release;
		};
/* End XCConfigurationList section */
	};
	rootObject = 16E784BD1C721D79006BF669 /* Project object */;
}
